// !$*UTF8*$!
{
	archiveVersion = 1;
	classes = {
	};
	objectVersion = 51;
	objects = {

/* Begin PBXBuildFile section */
		32D1324370523A9F1EAA04A5 /* Pods_WeMoov.framework in Frameworks */ = {isa = PBXBuildFile; fileRef = B11A9091BBC3DDD5A0E3476A /* Pods_WeMoov.framework */; };
		3746E4B023AAFC4F006BFF31 /* LoginViewController.swift in Sources */ = {isa = PBXBuildFile; fileRef = 3746E4AE23AAFC4F006BFF31 /* LoginViewController.swift */; };
		37561B9B23AC40920070D586 /* InscriptionViewController.swift in Sources */ = {isa = PBXBuildFile; fileRef = 37561B9A23AC40920070D586 /* InscriptionViewController.swift */; };
		37561B9D23AC41060070D586 /* Extensions.swift in Sources */ = {isa = PBXBuildFile; fileRef = 37561B9C23AC41060070D586 /* Extensions.swift */; };
		3786DBEA23AC6C8000B1EC0D /* HomeViewController.swift in Sources */ = {isa = PBXBuildFile; fileRef = 3786DBE823AC6C8000B1EC0D /* HomeViewController.swift */; };
		3786DBEB23AC6C8000B1EC0D /* HomeViewController.xib in Resources */ = {isa = PBXBuildFile; fileRef = 3786DBE923AC6C8000B1EC0D /* HomeViewController.xib */; };
		4C79E65D23A513750041BA81 /* AppDelegate.swift in Sources */ = {isa = PBXBuildFile; fileRef = 4C79E65C23A513750041BA81 /* AppDelegate.swift */; };
		4C79E66423A513780041BA81 /* Assets.xcassets in Resources */ = {isa = PBXBuildFile; fileRef = 4C79E66323A513780041BA81 /* Assets.xcassets */; };
		4C79E66723A513780041BA81 /* LaunchScreen.storyboard in Resources */ = {isa = PBXBuildFile; fileRef = 4C79E66523A513780041BA81 /* LaunchScreen.storyboard */; };
		576A7C1C23B37C32009A5F1F /* HomeOrganizerViewController.swift in Sources */ = {isa = PBXBuildFile; fileRef = 576A7C1A23B37C32009A5F1F /* HomeOrganizerViewController.swift */; };
		576A7C1D23B37C32009A5F1F /* HomeOrganizerViewController.xib in Resources */ = {isa = PBXBuildFile; fileRef = 576A7C1B23B37C32009A5F1F /* HomeOrganizerViewController.xib */; };
		576A7C2123B41C52009A5F1F /* User.swift in Sources */ = {isa = PBXBuildFile; fileRef = 576A7C2023B41C52009A5F1F /* User.swift */; };
		5783CF9023B18A1700786D2C /* GlobalVariable.swift in Sources */ = {isa = PBXBuildFile; fileRef = 5783CF8F23B18A1700786D2C /* GlobalVariable.swift */; };
		57A8C9CC23B4C4C600EE46BC /* CreateEventViewController.swift in Sources */ = {isa = PBXBuildFile; fileRef = 57A8C9CA23B4C4C600EE46BC /* CreateEventViewController.swift */; };
		57A8C9CD23B4C4C600EE46BC /* CreateEventViewController.xib in Resources */ = {isa = PBXBuildFile; fileRef = 57A8C9CB23B4C4C600EE46BC /* CreateEventViewController.xib */; };
		57FCC2ED23ABC34800DDAF59 /* GoogleService-Info.plist in Resources */ = {isa = PBXBuildFile; fileRef = 57FCC2EC23ABC34800DDAF59 /* GoogleService-Info.plist */; };
/* End PBXBuildFile section */

/* Begin PBXFileReference section */
		3746E4AE23AAFC4F006BFF31 /* LoginViewController.swift */ = {isa = PBXFileReference; lastKnownFileType = sourcecode.swift; path = LoginViewController.swift; sourceTree = "<group>"; };
		37561B9A23AC40920070D586 /* InscriptionViewController.swift */ = {isa = PBXFileReference; lastKnownFileType = sourcecode.swift; path = InscriptionViewController.swift; sourceTree = "<group>"; };
		37561B9C23AC41060070D586 /* Extensions.swift */ = {isa = PBXFileReference; lastKnownFileType = sourcecode.swift; path = Extensions.swift; sourceTree = "<group>"; };
		3786DBE823AC6C8000B1EC0D /* HomeViewController.swift */ = {isa = PBXFileReference; lastKnownFileType = sourcecode.swift; path = HomeViewController.swift; sourceTree = "<group>"; };
		3786DBE923AC6C8000B1EC0D /* HomeViewController.xib */ = {isa = PBXFileReference; lastKnownFileType = file.xib; path = HomeViewController.xib; sourceTree = "<group>"; };
		4C79E65923A513750041BA81 /* WeMoov.app */ = {isa = PBXFileReference; explicitFileType = wrapper.application; includeInIndex = 0; path = WeMoov.app; sourceTree = BUILT_PRODUCTS_DIR; };
		4C79E65C23A513750041BA81 /* AppDelegate.swift */ = {isa = PBXFileReference; lastKnownFileType = sourcecode.swift; path = AppDelegate.swift; sourceTree = "<group>"; };
		4C79E66323A513780041BA81 /* Assets.xcassets */ = {isa = PBXFileReference; lastKnownFileType = folder.assetcatalog; path = Assets.xcassets; sourceTree = "<group>"; };
		4C79E66623A513780041BA81 /* Base */ = {isa = PBXFileReference; lastKnownFileType = file.storyboard; name = Base; path = Base.lproj/LaunchScreen.storyboard; sourceTree = "<group>"; };
		4C79E66823A513780041BA81 /* Info.plist */ = {isa = PBXFileReference; lastKnownFileType = text.plist.xml; path = Info.plist; sourceTree = "<group>"; };
		576A7C1A23B37C32009A5F1F /* HomeOrganizerViewController.swift */ = {isa = PBXFileReference; lastKnownFileType = sourcecode.swift; path = HomeOrganizerViewController.swift; sourceTree = "<group>"; xcLanguageSpecificationIdentifier = xcode.lang.swift; };
		576A7C1B23B37C32009A5F1F /* HomeOrganizerViewController.xib */ = {isa = PBXFileReference; lastKnownFileType = file.xib; path = HomeOrganizerViewController.xib; sourceTree = "<group>"; };
		576A7C2023B41C52009A5F1F /* User.swift */ = {isa = PBXFileReference; lastKnownFileType = sourcecode.swift; path = User.swift; sourceTree = "<group>"; };
		5783CF8F23B18A1700786D2C /* GlobalVariable.swift */ = {isa = PBXFileReference; lastKnownFileType = sourcecode.swift; path = GlobalVariable.swift; sourceTree = "<group>"; };
		57A8C9CA23B4C4C600EE46BC /* CreateEventViewController.swift */ = {isa = PBXFileReference; lastKnownFileType = sourcecode.swift; path = CreateEventViewController.swift; sourceTree = "<group>"; };
		57A8C9CB23B4C4C600EE46BC /* CreateEventViewController.xib */ = {isa = PBXFileReference; lastKnownFileType = file.xib; path = CreateEventViewController.xib; sourceTree = "<group>"; };
		57FCC2EC23ABC34800DDAF59 /* GoogleService-Info.plist */ = {isa = PBXFileReference; fileEncoding = 4; lastKnownFileType = text.plist.xml; path = "GoogleService-Info.plist"; sourceTree = "<group>"; };
		7774C1A38FF5CF2830201018 /* Pods-WeMoov.release.xcconfig */ = {isa = PBXFileReference; includeInIndex = 1; lastKnownFileType = text.xcconfig; name = "Pods-WeMoov.release.xcconfig"; path = "Target Support Files/Pods-WeMoov/Pods-WeMoov.release.xcconfig"; sourceTree = "<group>"; };
		B11A9091BBC3DDD5A0E3476A /* Pods_WeMoov.framework */ = {isa = PBXFileReference; explicitFileType = wrapper.framework; includeInIndex = 0; path = Pods_WeMoov.framework; sourceTree = BUILT_PRODUCTS_DIR; };
		F63D59529C4B409822056E28 /* Pods-WeMoov.debug.xcconfig */ = {isa = PBXFileReference; includeInIndex = 1; lastKnownFileType = text.xcconfig; name = "Pods-WeMoov.debug.xcconfig"; path = "Target Support Files/Pods-WeMoov/Pods-WeMoov.debug.xcconfig"; sourceTree = "<group>"; };
/* End PBXFileReference section */

/* Begin PBXFrameworksBuildPhase section */
		4C79E65623A513750041BA81 /* Frameworks */ = {
			isa = PBXFrameworksBuildPhase;
			buildActionMask = 2147483647;
			files = (
				32D1324370523A9F1EAA04A5 /* Pods_WeMoov.framework in Frameworks */,
			);
			runOnlyForDeploymentPostprocessing = 0;
		};
/* End PBXFrameworksBuildPhase section */

/* Begin PBXGroup section */
		3746E4B223AAFD29006BFF31 /* Login */ = {
			isa = PBXGroup;
			children = (
				3746E4AE23AAFC4F006BFF31 /* LoginViewController.swift */,
			);
			path = Login;
			sourceTree = "<group>";
		};
		37561B9423AC40080070D586 /* SignUp */ = {
			isa = PBXGroup;
			children = (
				37561B9A23AC40920070D586 /* InscriptionViewController.swift */,
			);
			path = SignUp;
			sourceTree = "<group>";
		};
		37561B9523AC40200070D586 /* Home */ = {
			isa = PBXGroup;
			children = (
				3786DBE823AC6C8000B1EC0D /* HomeViewController.swift */,
				3786DBE923AC6C8000B1EC0D /* HomeViewController.xib */,
			);
			path = Home;
			sourceTree = "<group>";
		};
		4C79E65023A513750041BA81 = {
			isa = PBXGroup;
			children = (
				4C79E65B23A513750041BA81 /* WeMoov */,
				4C79E65A23A513750041BA81 /* Products */,
				50814DA312EF79B5FCEA42CC /* Pods */,
				FF43AB016B41290554FA58A7 /* Frameworks */,
			);
			sourceTree = "<group>";
		};
		4C79E65A23A513750041BA81 /* Products */ = {
			isa = PBXGroup;
			children = (
				4C79E65923A513750041BA81 /* WeMoov.app */,
			);
			name = Products;
			sourceTree = "<group>";
		};
		4C79E65B23A513750041BA81 /* WeMoov */ = {
			isa = PBXGroup;
			children = (
				576A7C1F23B41C3C009A5F1F /* Models */,
				576A7C1923B37BDC009A5F1F /* Organizer */,
				57FCC2EC23ABC34800DDAF59 /* GoogleService-Info.plist */,
				37561B9523AC40200070D586 /* Home */,
				37561B9423AC40080070D586 /* SignUp */,
				3746E4B223AAFD29006BFF31 /* Login */,
				4C79E65C23A513750041BA81 /* AppDelegate.swift */,
				4C79E66323A513780041BA81 /* Assets.xcassets */,
				4C79E66523A513780041BA81 /* LaunchScreen.storyboard */,
				4C79E66823A513780041BA81 /* Info.plist */,
				37561B9C23AC41060070D586 /* Extensions.swift */,
				5783CF8F23B18A1700786D2C /* GlobalVariable.swift */,
			);
			path = WeMoov;
			sourceTree = "<group>";
		};
		50814DA312EF79B5FCEA42CC /* Pods */ = {
			isa = PBXGroup;
			children = (
				F63D59529C4B409822056E28 /* Pods-WeMoov.debug.xcconfig */,
				7774C1A38FF5CF2830201018 /* Pods-WeMoov.release.xcconfig */,
			);
			path = Pods;
			sourceTree = "<group>";
		};
		576A7C1923B37BDC009A5F1F /* Organizer */ = {
			isa = PBXGroup;
			children = (
				57A8C9C923B4C4A600EE46BC /* Events */,
				57A8C9C823B4C46E00EE46BC /* Home */,
			);
			path = Organizer;
			sourceTree = "<group>";
		};
		576A7C1F23B41C3C009A5F1F /* Models */ = {
			isa = PBXGroup;
			children = (
				576A7C2023B41C52009A5F1F /* User.swift */,
			);
			path = Models;
			sourceTree = "<group>";
		};
		57A8C9C823B4C46E00EE46BC /* Home */ = {
			isa = PBXGroup;
			children = (
				576A7C1A23B37C32009A5F1F /* HomeOrganizerViewController.swift */,
				576A7C1B23B37C32009A5F1F /* HomeOrganizerViewController.xib */,
			);
			path = Home;
			sourceTree = "<group>";
		};
		57A8C9C923B4C4A600EE46BC /* Events */ = {
			isa = PBXGroup;
			children = (
				57A8C9CA23B4C4C600EE46BC /* CreateEventViewController.swift */,
				57A8C9CB23B4C4C600EE46BC /* CreateEventViewController.xib */,
			);
			path = Events;
			sourceTree = "<group>";
		};
		FF43AB016B41290554FA58A7 /* Frameworks */ = {
			isa = PBXGroup;
			children = (
				B11A9091BBC3DDD5A0E3476A /* Pods_WeMoov.framework */,
			);
			name = Frameworks;
			sourceTree = "<group>";
		};
/* End PBXGroup section */

/* Begin PBXNativeTarget section */
		4C79E65823A513750041BA81 /* WeMoov */ = {
			isa = PBXNativeTarget;
			buildConfigurationList = 4C79E66B23A513780041BA81 /* Build configuration list for PBXNativeTarget "WeMoov" */;
			buildPhases = (
				ADD2A22F375E800E1207CE81 /* [CP] Check Pods Manifest.lock */,
				4C79E65523A513750041BA81 /* Sources */,
				4C79E65623A513750041BA81 /* Frameworks */,
				4C79E65723A513750041BA81 /* Resources */,
				D4E33BC54D3EA2C9798CF326 /* [CP] Embed Pods Frameworks */,
			);
			buildRules = (
			);
			dependencies = (
			);
			name = WeMoov;
			productName = WeMoov;
			productReference = 4C79E65923A513750041BA81 /* WeMoov.app */;
			productType = "com.apple.product-type.application";
		};
/* End PBXNativeTarget section */

/* Begin PBXProject section */
		4C79E65123A513750041BA81 /* Project object */ = {
			isa = PBXProject;
			attributes = {
				LastSwiftUpdateCheck = 1030;
				LastUpgradeCheck = 1030;
				ORGANIZATIONNAME = "Elisa Gougerot";
				TargetAttributes = {
					4C79E65823A513750041BA81 = {
						CreatedOnToolsVersion = 10.3;
					};
				};
			};
			buildConfigurationList = 4C79E65423A513750041BA81 /* Build configuration list for PBXProject "WeMoov" */;
			compatibilityVersion = "Xcode 9.3";
			developmentRegion = en;
			hasScannedForEncodings = 0;
			knownRegions = (
				en,
				Base,
			);
			mainGroup = 4C79E65023A513750041BA81;
			productRefGroup = 4C79E65A23A513750041BA81 /* Products */;
			projectDirPath = "";
			projectRoot = "";
			targets = (
				4C79E65823A513750041BA81 /* WeMoov */,
			);
		};
/* End PBXProject section */

/* Begin PBXResourcesBuildPhase section */
		4C79E65723A513750041BA81 /* Resources */ = {
			isa = PBXResourcesBuildPhase;
			buildActionMask = 2147483647;
			files = (
				4C79E66723A513780041BA81 /* LaunchScreen.storyboard in Resources */,
				57A8C9CD23B4C4C600EE46BC /* CreateEventViewController.xib in Resources */,
				4C79E66423A513780041BA81 /* Assets.xcassets in Resources */,
				57FCC2ED23ABC34800DDAF59 /* GoogleService-Info.plist in Resources */,
				3786DBEB23AC6C8000B1EC0D /* HomeViewController.xib in Resources */,
				576A7C1D23B37C32009A5F1F /* HomeOrganizerViewController.xib in Resources */,
			);
			runOnlyForDeploymentPostprocessing = 0;
		};
/* End PBXResourcesBuildPhase section */

/* Begin PBXShellScriptBuildPhase section */
		ADD2A22F375E800E1207CE81 /* [CP] Check Pods Manifest.lock */ = {
			isa = PBXShellScriptBuildPhase;
			buildActionMask = 2147483647;
			files = (
			);
			inputFileListPaths = (
			);
			inputPaths = (
				"${PODS_PODFILE_DIR_PATH}/Podfile.lock",
				"${PODS_ROOT}/Manifest.lock",
			);
			name = "[CP] Check Pods Manifest.lock";
			outputFileListPaths = (
			);
			outputPaths = (
				"$(DERIVED_FILE_DIR)/Pods-WeMoov-checkManifestLockResult.txt",
			);
			runOnlyForDeploymentPostprocessing = 0;
			shellPath = /bin/sh;
			shellScript = "diff \"${PODS_PODFILE_DIR_PATH}/Podfile.lock\" \"${PODS_ROOT}/Manifest.lock\" > /dev/null\nif [ $? != 0 ] ; then\n    # print error to STDERR\n    echo \"error: The sandbox is not in sync with the Podfile.lock. Run 'pod install' or update your CocoaPods installation.\" >&2\n    exit 1\nfi\n# This output is used by Xcode 'outputs' to avoid re-running this script phase.\necho \"SUCCESS\" > \"${SCRIPT_OUTPUT_FILE_0}\"\n";
			showEnvVarsInLog = 0;
		};
		D4E33BC54D3EA2C9798CF326 /* [CP] Embed Pods Frameworks */ = {
			isa = PBXShellScriptBuildPhase;
			buildActionMask = 2147483647;
			files = (
			);
			inputFileListPaths = (
				"${PODS_ROOT}/Target Support Files/Pods-WeMoov/Pods-WeMoov-frameworks-${CONFIGURATION}-input-files.xcfilelist",
			);
			name = "[CP] Embed Pods Frameworks";
			outputFileListPaths = (
				"${PODS_ROOT}/Target Support Files/Pods-WeMoov/Pods-WeMoov-frameworks-${CONFIGURATION}-output-files.xcfilelist",
			);
			runOnlyForDeploymentPostprocessing = 0;
			shellPath = /bin/sh;
			shellScript = "\"${PODS_ROOT}/Target Support Files/Pods-WeMoov/Pods-WeMoov-frameworks.sh\"\n";
			showEnvVarsInLog = 0;
		};
/* End PBXShellScriptBuildPhase section */

/* Begin PBXSourcesBuildPhase section */
		4C79E65523A513750041BA81 /* Sources */ = {
			isa = PBXSourcesBuildPhase;
			buildActionMask = 2147483647;
			files = (
				3786DBEA23AC6C8000B1EC0D /* HomeViewController.swift in Sources */,
				37561B9D23AC41060070D586 /* Extensions.swift in Sources */,
				5783CF9023B18A1700786D2C /* GlobalVariable.swift in Sources */,
				3746E4B023AAFC4F006BFF31 /* LoginViewController.swift in Sources */,
				576A7C2123B41C52009A5F1F /* User.swift in Sources */,
				4C79E65D23A513750041BA81 /* AppDelegate.swift in Sources */,
				37561B9B23AC40920070D586 /* InscriptionViewController.swift in Sources */,
				576A7C1C23B37C32009A5F1F /* HomeOrganizerViewController.swift in Sources */,
				57A8C9CC23B4C4C600EE46BC /* CreateEventViewController.swift in Sources */,
			);
			runOnlyForDeploymentPostprocessing = 0;
		};
/* End PBXSourcesBuildPhase section */

/* Begin PBXVariantGroup section */
		4C79E66523A513780041BA81 /* LaunchScreen.storyboard */ = {
			isa = PBXVariantGroup;
			children = (
				4C79E66623A513780041BA81 /* Base */,
			);
			name = LaunchScreen.storyboard;
			sourceTree = "<group>";
		};
/* End PBXVariantGroup section */

/* Begin XCBuildConfiguration section */
		4C79E66923A513780041BA81 /* Debug */ = {
			isa = XCBuildConfiguration;
			buildSettings = {
				ALWAYS_SEARCH_USER_PATHS = NO;
				CLANG_ANALYZER_NONNULL = YES;
				CLANG_ANALYZER_NUMBER_OBJECT_CONVERSION = YES_AGGRESSIVE;
				CLANG_CXX_LANGUAGE_STANDARD = "gnu++14";
				CLANG_CXX_LIBRARY = "libc++";
				CLANG_ENABLE_MODULES = YES;
				CLANG_ENABLE_OBJC_ARC = YES;
				CLANG_ENABLE_OBJC_WEAK = YES;
				CLANG_WARN_BLOCK_CAPTURE_AUTORELEASING = YES;
				CLANG_WARN_BOOL_CONVERSION = YES;
				CLANG_WARN_COMMA = YES;
				CLANG_WARN_CONSTANT_CONVERSION = YES;
				CLANG_WARN_DEPRECATED_OBJC_IMPLEMENTATIONS = YES;
				CLANG_WARN_DIRECT_OBJC_ISA_USAGE = YES_ERROR;
				CLANG_WARN_DOCUMENTATION_COMMENTS = YES;
				CLANG_WARN_EMPTY_BODY = YES;
				CLANG_WARN_ENUM_CONVERSION = YES;
				CLANG_WARN_INFINITE_RECURSION = YES;
				CLANG_WARN_INT_CONVERSION = YES;
				CLANG_WARN_NON_LITERAL_NULL_CONVERSION = YES;
				CLANG_WARN_OBJC_IMPLICIT_RETAIN_SELF = YES;
				CLANG_WARN_OBJC_LITERAL_CONVERSION = YES;
				CLANG_WARN_OBJC_ROOT_CLASS = YES_ERROR;
				CLANG_WARN_RANGE_LOOP_ANALYSIS = YES;
				CLANG_WARN_STRICT_PROTOTYPES = YES;
				CLANG_WARN_SUSPICIOUS_MOVE = YES;
				CLANG_WARN_UNGUARDED_AVAILABILITY = YES_AGGRESSIVE;
				CLANG_WARN_UNREACHABLE_CODE = YES;
				CLANG_WARN__DUPLICATE_METHOD_MATCH = YES;
				CODE_SIGN_IDENTITY = "iPhone Developer";
				COPY_PHASE_STRIP = NO;
				DEBUG_INFORMATION_FORMAT = dwarf;
				ENABLE_STRICT_OBJC_MSGSEND = YES;
				ENABLE_TESTABILITY = YES;
				GCC_C_LANGUAGE_STANDARD = gnu11;
				GCC_DYNAMIC_NO_PIC = NO;
				GCC_NO_COMMON_BLOCKS = YES;
				GCC_OPTIMIZATION_LEVEL = 0;
				GCC_PREPROCESSOR_DEFINITIONS = (
					"DEBUG=1",
					"$(inherited)",
				);
				GCC_WARN_64_TO_32_BIT_CONVERSION = YES;
				GCC_WARN_ABOUT_RETURN_TYPE = YES_ERROR;
				GCC_WARN_UNDECLARED_SELECTOR = YES;
				GCC_WARN_UNINITIALIZED_AUTOS = YES_AGGRESSIVE;
				GCC_WARN_UNUSED_FUNCTION = YES;
				GCC_WARN_UNUSED_VARIABLE = YES;
				IPHONEOS_DEPLOYMENT_TARGET = 12.4;
				MTL_ENABLE_DEBUG_INFO = INCLUDE_SOURCE;
				MTL_FAST_MATH = YES;
				ONLY_ACTIVE_ARCH = YES;
				SDKROOT = iphoneos;
				SWIFT_ACTIVE_COMPILATION_CONDITIONS = DEBUG;
				SWIFT_OPTIMIZATION_LEVEL = "-Onone";
			};
			name = Debug;
		};
		4C79E66A23A513780041BA81 /* Release */ = {
			isa = XCBuildConfiguration;
			buildSettings = {
				ALWAYS_SEARCH_USER_PATHS = NO;
				CLANG_ANALYZER_NONNULL = YES;
				CLANG_ANALYZER_NUMBER_OBJECT_CONVERSION = YES_AGGRESSIVE;
				CLANG_CXX_LANGUAGE_STANDARD = "gnu++14";
				CLANG_CXX_LIBRARY = "libc++";
				CLANG_ENABLE_MODULES = YES;
				CLANG_ENABLE_OBJC_ARC = YES;
				CLANG_ENABLE_OBJC_WEAK = YES;
				CLANG_WARN_BLOCK_CAPTURE_AUTORELEASING = YES;
				CLANG_WARN_BOOL_CONVERSION = YES;
				CLANG_WARN_COMMA = YES;
				CLANG_WARN_CONSTANT_CONVERSION = YES;
				CLANG_WARN_DEPRECATED_OBJC_IMPLEMENTATIONS = YES;
				CLANG_WARN_DIRECT_OBJC_ISA_USAGE = YES_ERROR;
				CLANG_WARN_DOCUMENTATION_COMMENTS = YES;
				CLANG_WARN_EMPTY_BODY = YES;
				CLANG_WARN_ENUM_CONVERSION = YES;
				CLANG_WARN_INFINITE_RECURSION = YES;
				CLANG_WARN_INT_CONVERSION = YES;
				CLANG_WARN_NON_LITERAL_NULL_CONVERSION = YES;
				CLANG_WARN_OBJC_IMPLICIT_RETAIN_SELF = YES;
				CLANG_WARN_OBJC_LITERAL_CONVERSION = YES;
				CLANG_WARN_OBJC_ROOT_CLASS = YES_ERROR;
				CLANG_WARN_RANGE_LOOP_ANALYSIS = YES;
				CLANG_WARN_STRICT_PROTOTYPES = YES;
				CLANG_WARN_SUSPICIOUS_MOVE = YES;
				CLANG_WARN_UNGUARDED_AVAILABILITY = YES_AGGRESSIVE;
				CLANG_WARN_UNREACHABLE_CODE = YES;
				CLANG_WARN__DUPLICATE_METHOD_MATCH = YES;
				CODE_SIGN_IDENTITY = "iPhone Developer";
				COPY_PHASE_STRIP = NO;
				DEBUG_INFORMATION_FORMAT = "dwarf-with-dsym";
				ENABLE_NS_ASSERTIONS = NO;
				ENABLE_STRICT_OBJC_MSGSEND = YES;
				GCC_C_LANGUAGE_STANDARD = gnu11;
				GCC_NO_COMMON_BLOCKS = YES;
				GCC_WARN_64_TO_32_BIT_CONVERSION = YES;
				GCC_WARN_ABOUT_RETURN_TYPE = YES_ERROR;
				GCC_WARN_UNDECLARED_SELECTOR = YES;
				GCC_WARN_UNINITIALIZED_AUTOS = YES_AGGRESSIVE;
				GCC_WARN_UNUSED_FUNCTION = YES;
				GCC_WARN_UNUSED_VARIABLE = YES;
				IPHONEOS_DEPLOYMENT_TARGET = 12.4;
				MTL_ENABLE_DEBUG_INFO = NO;
				MTL_FAST_MATH = YES;
				SDKROOT = iphoneos;
				SWIFT_COMPILATION_MODE = wholemodule;
				SWIFT_OPTIMIZATION_LEVEL = "-O";
				VALIDATE_PRODUCT = YES;
			};
			name = Release;
		};
		4C79E66C23A513780041BA81 /* Debug */ = {
			isa = XCBuildConfiguration;
			baseConfigurationReference = F63D59529C4B409822056E28 /* Pods-WeMoov.debug.xcconfig */;
			buildSettings = {
				ASSETCATALOG_COMPILER_APPICON_NAME = AppIcon;
				CODE_SIGN_ENTITLEMENTS = WeMoov/WeMoov.entitlements;
				CODE_SIGN_STYLE = Automatic;
				INFOPLIST_FILE = WeMoov/Info.plist;
				LD_RUNPATH_SEARCH_PATHS = (
					"$(inherited)",
					"@executable_path/Frameworks",
				);
				PRODUCT_BUNDLE_IDENTIFIER = com.ESGI.WeMoov;
				PRODUCT_NAME = "$(TARGET_NAME)";
				SWIFT_VERSION = 5.0;
				TARGETED_DEVICE_FAMILY = "1,2";
			};
			name = Debug;
		};
		4C79E66D23A513780041BA81 /* Release */ = {
			isa = XCBuildConfiguration;
			baseConfigurationReference = 7774C1A38FF5CF2830201018 /* Pods-WeMoov.release.xcconfig */;
			buildSettings = {
				ASSETCATALOG_COMPILER_APPICON_NAME = AppIcon;
				CODE_SIGN_ENTITLEMENTS = WeMoov/WeMoov.entitlements;
				CODE_SIGN_STYLE = Automatic;
				INFOPLIST_FILE = WeMoov/Info.plist;
				LD_RUNPATH_SEARCH_PATHS = (
					"$(inherited)",
					"@executable_path/Frameworks",
				);
				PRODUCT_BUNDLE_IDENTIFIER = com.ESGI.WeMoov;
				PRODUCT_NAME = "$(TARGET_NAME)";
				SWIFT_VERSION = 5.0;
				TARGETED_DEVICE_FAMILY = "1,2";
			};
			name = Release;
		};
/* End XCBuildConfiguration section */

/* Begin XCConfigurationList section */
		4C79E65423A513750041BA81 /* Build configuration list for PBXProject "WeMoov" */ = {
			isa = XCConfigurationList;
			buildConfigurations = (
				4C79E66923A513780041BA81 /* Debug */,
				4C79E66A23A513780041BA81 /* Release */,
			);
			defaultConfigurationIsVisible = 0;
			defaultConfigurationName = Release;
		};
		4C79E66B23A513780041BA81 /* Build configuration list for PBXNativeTarget "WeMoov" */ = {
			isa = XCConfigurationList;
			buildConfigurations = (
				4C79E66C23A513780041BA81 /* Debug */,
				4C79E66D23A513780041BA81 /* Release */,
			);
			defaultConfigurationIsVisible = 0;
			defaultConfigurationName = Release;
		};
/* End XCConfigurationList section */
	};
	rootObject = 4C79E65123A513750041BA81 /* Project object */;
}
